
Microsoft Visual Studio Solution File, Format Version 12.00
# Visual Studio Version 17
VisualStudioVersion = 17.1.32421.90
MinimumVisualStudioVersion = 10.0.40219.1
Project("{FAE04EC0-301F-11D3-BF4B-00C04F79EFBC}") = "Backend", "Backend\Backend.csproj", "{D081081B-73C9-4900-9BEB-CCD975DA6C19}"
EndProject
Global
	GlobalSection(SolutionConfigurationPlatforms) = preSolution
		Debug|Any CPU = Debug|Any CPU
		Release|Any CPU = Release|Any CPU
	EndGlobalSection
	GlobalSection(ProjectConfigurationPlatforms) = postSolution
		{D081081B-73C9-4900-9BEB-CCD975DA6C19}.Debug|Any CPU.ActiveCfg = Debug|Any CPU
		{D081081B-73C9-4900-9BEB-CCD975DA6C19}.Debug|Any CPU.Build.0 = Debug|Any CPU
		{D081081B-73C9-4900-9BEB-CCD975DA6C19}.Release|Any CPU.ActiveCfg = Release|Any CPU
		{D081081B-73C9-4900-9BEB-CCD975DA6C19}.Release|Any CPU.Build.0 = Release|Any CPU
	EndGlobalSection
	GlobalSection(SolutionProperties) = preSolution
		HideSolutionNode = FALSE
	EndGlobalSection
	GlobalSection(ExtensibilityGlobals) = postSolution
		SolutionGuid = {2E3A14FF-7569-4A3E-BAF0-C541E5C0F63B}
	EndGlobalSection
EndGlobal
